
Microsoft Visual Studio Solution File, Format Version 12.00
# Visual Studio Version 17
VisualStudioVersion = 17.2.32602.215
MinimumVisualStudioVersion = 10.0.40219.1
Project("{9A19103F-16F7-4668-BE54-9A1E7A4F7556}") = "RoyalTravel", "RoyalTravel\RoyalTravel.csproj", "{47448605-331E-4734-989C-5EA87016ADB1}"
EndProject
Project("{9A19103F-16F7-4668-BE54-9A1E7A4F7556}") = "RoyalTravel.Tests", "RoyalTravelUnitTests\RoyalTravel.Tests.csproj", "{1E17D695-B2F5-4CBB-A76C-6E3F407AEA85}"
EndProject
Global
	GlobalSection(SolutionConfigurationPlatforms) = preSolution
		Debug|Any CPU = Debug|Any CPU
		Release|Any CPU = Release|Any CPU
	EndGlobalSection
	GlobalSection(ProjectConfigurationPlatforms) = postSolution
		{47448605-331E-4734-989C-5EA87016ADB1}.Debug|Any CPU.ActiveCfg = Debug|Any CPU
		{47448605-331E-4734-989C-5EA87016ADB1}.Debug|Any CPU.Build.0 = Debug|Any CPU
		{47448605-331E-4734-989C-5EA87016ADB1}.Release|Any CPU.ActiveCfg = Release|Any CPU
		{47448605-331E-4734-989C-5EA87016ADB1}.Release|Any CPU.Build.0 = Release|Any CPU
		{1E17D695-B2F5-4CBB-A76C-6E3F407AEA85}.Debug|Any CPU.ActiveCfg = Debug|Any CPU
		{1E17D695-B2F5-4CBB-A76C-6E3F407AEA85}.Debug|Any CPU.Build.0 = Debug|Any CPU
		{1E17D695-B2F5-4CBB-A76C-6E3F407AEA85}.Release|Any CPU.ActiveCfg = Release|Any CPU
		{1E17D695-B2F5-4CBB-A76C-6E3F407AEA85}.Release|Any CPU.Build.0 = Release|Any CPU
	EndGlobalSection
	GlobalSection(SolutionProperties) = preSolution
		HideSolutionNode = FALSE
	EndGlobalSection
	GlobalSection(ExtensibilityGlobals) = postSolution
		SolutionGuid = {10E3AE07-1287-487F-B71B-9F992EE60F50}
	EndGlobalSection
EndGlobal
